// !$*UTF8*$!
{
	archiveVersion = 1;
	classes = {
	};
	objectVersion = 46;
	objects = {

/* Begin PBXBuildFile section */
		2817E48F1C445D2400BF046F /* CharacterSetupViewController.m in Sources */ = {isa = PBXBuildFile; fileRef = 2817E48E1C445D2400BF046F /* CharacterSetupViewController.m */; };
		285A1E8B1C4B069D0079F4C7 /* SceneParser.m in Sources */ = {isa = PBXBuildFile; fileRef = 285A1E8A1C4B069D0079F4C7 /* SceneParser.m */; };
		285AB3741C45B201005609B2 /* UserStateManager.m in Sources */ = {isa = PBXBuildFile; fileRef = 285AB3731C45B201005609B2 /* UserStateManager.m */; };
		285AB3771C4693C0005609B2 /* TreeNode.m in Sources */ = {isa = PBXBuildFile; fileRef = 285AB3761C4693C0005609B2 /* TreeNode.m */; };
		285AB37A1C46941D005609B2 /* Tree.m in Sources */ = {isa = PBXBuildFile; fileRef = 285AB3791C46941D005609B2 /* Tree.m */; };
		286F13B41C6289B400D148EB /* arrowRight.png in Resources */ = {isa = PBXBuildFile; fileRef = 286F13B21C6289B400D148EB /* arrowRight.png */; };
		286F13B51C6289B400D148EB /* arrowLeft.png in Resources */ = {isa = PBXBuildFile; fileRef = 286F13B31C6289B400D148EB /* arrowLeft.png */; };
		287623A11C41A0880017E74C /* main.m in Sources */ = {isa = PBXBuildFile; fileRef = 287623A01C41A0880017E74C /* main.m */; };
		287623A41C41A0880017E74C /* AppDelegate.m in Sources */ = {isa = PBXBuildFile; fileRef = 287623A31C41A0880017E74C /* AppDelegate.m */; };
		287623A71C41A0880017E74C /* MainMenuViewController.m in Sources */ = {isa = PBXBuildFile; fileRef = 287623A61C41A0880017E74C /* MainMenuViewController.m */; };
		287623AC1C41A0880017E74C /* Assets.xcassets in Resources */ = {isa = PBXBuildFile; fileRef = 287623AB1C41A0880017E74C /* Assets.xcassets */; };
		287623BA1C41A0880017E74C /* YesNoTests.m in Sources */ = {isa = PBXBuildFile; fileRef = 287623B91C41A0880017E74C /* YesNoTests.m */; };
		287623C51C41A0880017E74C /* YesNoUITests.m in Sources */ = {isa = PBXBuildFile; fileRef = 287623C41C41A0880017E74C /* YesNoUITests.m */; };
		287623D81C427E540017E74C /* AdventureViewController.m in Sources */ = {isa = PBXBuildFile; fileRef = 287623D71C427E540017E74C /* AdventureViewController.m */; };
		287623DB1C42DEFB0017E74C /* StoryCharacter.m in Sources */ = {isa = PBXBuildFile; fileRef = 287623DA1C42DEFB0017E74C /* StoryCharacter.m */; };
		287623E11C430DFB0017E74C /* Scene.m in Sources */ = {isa = PBXBuildFile; fileRef = 287623E01C430DFB0017E74C /* Scene.m */; };
		289710DD1C503663002219D4 /* Event.m in Sources */ = {isa = PBXBuildFile; fileRef = 289710DC1C503663002219D4 /* Event.m */; };
		28B29C5F1DE77A13001CB3D2 /* intro.xml in Resources */ = {isa = PBXBuildFile; fileRef = 28B29C5E1DE77A13001CB3D2 /* intro.xml */; };
		28BB86B31C5416E4007EDF79 /* StoryManager.m in Sources */ = {isa = PBXBuildFile; fileRef = 28BB86B21C5416E4007EDF79 /* StoryManager.m */; };
		28BB86B91C543692007EDF79 /* AdventureView.xib in Resources */ = {isa = PBXBuildFile; fileRef = 28BB86B81C543692007EDF79 /* AdventureView.xib */; };
		28BB86BB1C5436E2007EDF79 /* CharacterSetupView.xib in Resources */ = {isa = PBXBuildFile; fileRef = 28BB86BA1C5436E2007EDF79 /* CharacterSetupView.xib */; };
		28BB86BD1C543713007EDF79 /* MainMenuView.xib in Resources */ = {isa = PBXBuildFile; fileRef = 28BB86BC1C543713007EDF79 /* MainMenuView.xib */; };
		28E7F6A01C67CFCC0011C587 /* Icon-40@2x.png in Resources */ = {isa = PBXBuildFile; fileRef = 28E7F69B1C67CFCC0011C587 /* Icon-40@2x.png */; };
		28E7F6A21C67CFCC0011C587 /* Icon-60@2x.png in Resources */ = {isa = PBXBuildFile; fileRef = 28E7F69D1C67CFCC0011C587 /* Icon-60@2x.png */; };
		28E7F6A31C67CFCC0011C587 /* Icon-60@3x.png in Resources */ = {isa = PBXBuildFile; fileRef = 28E7F69E1C67CFCC0011C587 /* Icon-60@3x.png */; };
		28E7F6A41C67CFCC0011C587 /* Icon-Small@2x.png in Resources */ = {isa = PBXBuildFile; fileRef = 28E7F69F1C67CFCC0011C587 /* Icon-Small@2x.png */; };
		7400E2FF21AC931700575E16 /* YouHelpHim.xml in Resources */ = {isa = PBXBuildFile; fileRef = 7400E2F521AC931700575E16 /* YouHelpHim.xml */; };
		7400E30021AC931700575E16 /* YouDontFight.xml in Resources */ = {isa = PBXBuildFile; fileRef = 7400E2F621AC931700575E16 /* YouDontFight.xml */; };
		7400E30121AC931700575E16 /* YouFight.xml in Resources */ = {isa = PBXBuildFile; fileRef = 7400E2F721AC931700575E16 /* YouFight.xml */; };
		7400E30421AC931700575E16 /* YouDontSayAnything.xml in Resources */ = {isa = PBXBuildFile; fileRef = 7400E2FA21AC931700575E16 /* YouDontSayAnything.xml */; };
		7400E30521AC931700575E16 /* YouSaySomething.xml in Resources */ = {isa = PBXBuildFile; fileRef = 7400E2FB21AC931700575E16 /* YouSaySomething.xml */; };
		7400E30721AC931700575E16 /* YouDontHelp.xml in Resources */ = {isa = PBXBuildFile; fileRef = 7400E2FD21AC931700575E16 /* YouDontHelp.xml */; };
		7416E4B421AC990400E94D23 /* Interface.storyboard in Resources */ = {isa = PBXBuildFile; fileRef = 7416E4B221AC990400E94D23 /* Interface.storyboard */; };
		7416E4B621AC990400E94D23 /* Assets.xcassets in Resources */ = {isa = PBXBuildFile; fileRef = 7416E4B521AC990400E94D23 /* Assets.xcassets */; };
		7416E4BD21AC990500E94D23 /* watch Extension.appex in Embed App Extensions */ = {isa = PBXBuildFile; fileRef = 7416E4BC21AC990500E94D23 /* watch Extension.appex */; settings = {ATTRIBUTES = (RemoveHeadersOnCopy, ); }; };
		7416E4C221AC990500E94D23 /* InterfaceController.swift in Sources */ = {isa = PBXBuildFile; fileRef = 7416E4C121AC990500E94D23 /* InterfaceController.swift */; };
		7416E4C421AC990500E94D23 /* ExtensionDelegate.swift in Sources */ = {isa = PBXBuildFile; fileRef = 7416E4C321AC990500E94D23 /* ExtensionDelegate.swift */; };
		7416E4C621AC990500E94D23 /* Assets.xcassets in Resources */ = {isa = PBXBuildFile; fileRef = 7416E4C521AC990500E94D23 /* Assets.xcassets */; };
		7416E4CA21AC990500E94D23 /* watch.app in Embed Watch Content */ = {isa = PBXBuildFile; fileRef = 7416E4B021AC990400E94D23 /* watch.app */; };
		7416E4D621ACA6F800E94D23 /* SessionHandler.swift in Sources */ = {isa = PBXBuildFile; fileRef = 7416E4D521ACA6F800E94D23 /* SessionHandler.swift */; };
		744130D421ADF32E00C4A85C /* StoryCharacter.m in Sources */ = {isa = PBXBuildFile; fileRef = 287623DA1C42DEFB0017E74C /* StoryCharacter.m */; };
		744130D521ADF37800C4A85C /* YouDontFight.xml in Resources */ = {isa = PBXBuildFile; fileRef = 7400E2F621AC931700575E16 /* YouDontFight.xml */; };
		744130D621ADF37800C4A85C /* YouDontHelp.xml in Resources */ = {isa = PBXBuildFile; fileRef = 7400E2FD21AC931700575E16 /* YouDontHelp.xml */; };
		744130D721ADF37800C4A85C /* YouDontSayAnything.xml in Resources */ = {isa = PBXBuildFile; fileRef = 7400E2FA21AC931700575E16 /* YouDontSayAnything.xml */; };
		744130D821ADF37800C4A85C /* YouFight.xml in Resources */ = {isa = PBXBuildFile; fileRef = 7400E2F721AC931700575E16 /* YouFight.xml */; };
		744130D921ADF37800C4A85C /* YouHelpHim.xml in Resources */ = {isa = PBXBuildFile; fileRef = 7400E2F521AC931700575E16 /* YouHelpHim.xml */; };
		744130DA21ADF37800C4A85C /* YouSaySomething.xml in Resources */ = {isa = PBXBuildFile; fileRef = 7400E2FB21AC931700575E16 /* YouSaySomething.xml */; };
		744130DB21ADF37800C4A85C /* intro.xml in Resources */ = {isa = PBXBuildFile; fileRef = 28B29C5E1DE77A13001CB3D2 /* intro.xml */; };
		744130DC21ADF38800C4A85C /* Event.m in Sources */ = {isa = PBXBuildFile; fileRef = 289710DC1C503663002219D4 /* Event.m */; };
		744130DD21ADF38800C4A85C /* Scene.m in Sources */ = {isa = PBXBuildFile; fileRef = 287623E01C430DFB0017E74C /* Scene.m */; };
		744130DE21ADF38800C4A85C /* Tree.m in Sources */ = {isa = PBXBuildFile; fileRef = 285AB3791C46941D005609B2 /* Tree.m */; };
		744130DF21ADF38800C4A85C /* TreeNode.m in Sources */ = {isa = PBXBuildFile; fileRef = 285AB3761C4693C0005609B2 /* TreeNode.m */; };
		744130E021ADF39800C4A85C /* StoryManager.m in Sources */ = {isa = PBXBuildFile; fileRef = 28BB86B21C5416E4007EDF79 /* StoryManager.m */; };
		744130E121ADF39800C4A85C /* UserStateManager.m in Sources */ = {isa = PBXBuildFile; fileRef = 285AB3731C45B201005609B2 /* UserStateManager.m */; };
		744130E221ADF39800C4A85C /* SceneParser.m in Sources */ = {isa = PBXBuildFile; fileRef = 285A1E8A1C4B069D0079F4C7 /* SceneParser.m */; };
		744130E521ADF70B00C4A85C /* YesNo-Bridging-Header.h in Sources */ = {isa = PBXBuildFile; fileRef = 7416E4D421ACA6F800E94D23 /* YesNo-Bridging-Header.h */; };
/* End PBXBuildFile section */

/* Begin PBXContainerItemProxy section */
		287623B61C41A0880017E74C /* PBXContainerItemProxy */ = {
			isa = PBXContainerItemProxy;
			containerPortal = 287623941C41A0870017E74C /* Project object */;
			proxyType = 1;
			remoteGlobalIDString = 2876239B1C41A0880017E74C;
			remoteInfo = appIdea;
		};
		287623C11C41A0880017E74C /* PBXContainerItemProxy */ = {
			isa = PBXContainerItemProxy;
			containerPortal = 287623941C41A0870017E74C /* Project object */;
			proxyType = 1;
			remoteGlobalIDString = 2876239B1C41A0880017E74C;
			remoteInfo = appIdea;
		};
		7416E4BE21AC990500E94D23 /* PBXContainerItemProxy */ = {
			isa = PBXContainerItemProxy;
			containerPortal = 287623941C41A0870017E74C /* Project object */;
			proxyType = 1;
			remoteGlobalIDString = 7416E4BB21AC990500E94D23;
			remoteInfo = "watch Extension";
		};
		7416E4C821AC990500E94D23 /* PBXContainerItemProxy */ = {
			isa = PBXContainerItemProxy;
			containerPortal = 287623941C41A0870017E74C /* Project object */;
			proxyType = 1;
			remoteGlobalIDString = 7416E4AF21AC990400E94D23;
			remoteInfo = watch;
		};
/* End PBXContainerItemProxy section */

/* Begin PBXCopyFilesBuildPhase section */
		7416E4CE21AC990500E94D23 /* Embed App Extensions */ = {
			isa = PBXCopyFilesBuildPhase;
			buildActionMask = 2147483647;
			dstPath = "";
			dstSubfolderSpec = 13;
			files = (
				7416E4BD21AC990500E94D23 /* watch Extension.appex in Embed App Extensions */,
			);
			name = "Embed App Extensions";
			runOnlyForDeploymentPostprocessing = 0;
		};
		7416E4D221AC990500E94D23 /* Embed Watch Content */ = {
			isa = PBXCopyFilesBuildPhase;
			buildActionMask = 2147483647;
			dstPath = "$(CONTENTS_FOLDER_PATH)/Watch";
			dstSubfolderSpec = 16;
			files = (
				7416E4CA21AC990500E94D23 /* watch.app in Embed Watch Content */,
			);
			name = "Embed Watch Content";
			runOnlyForDeploymentPostprocessing = 0;
		};
/* End PBXCopyFilesBuildPhase section */

/* Begin PBXFileReference section */
		2817E48D1C445D2400BF046F /* CharacterSetupViewController.h */ = {isa = PBXFileReference; fileEncoding = 4; lastKnownFileType = sourcecode.c.h; path = CharacterSetupViewController.h; sourceTree = "<group>"; };
		2817E48E1C445D2400BF046F /* CharacterSetupViewController.m */ = {isa = PBXFileReference; fileEncoding = 4; lastKnownFileType = sourcecode.c.objc; path = CharacterSetupViewController.m; sourceTree = "<group>"; };
		285A1E891C4B069D0079F4C7 /* SceneParser.h */ = {isa = PBXFileReference; fileEncoding = 4; lastKnownFileType = sourcecode.c.h; path = SceneParser.h; sourceTree = "<group>"; };
		285A1E8A1C4B069D0079F4C7 /* SceneParser.m */ = {isa = PBXFileReference; fileEncoding = 4; lastKnownFileType = sourcecode.c.objc; path = SceneParser.m; sourceTree = "<group>"; };
		285AB3721C45B201005609B2 /* UserStateManager.h */ = {isa = PBXFileReference; fileEncoding = 4; lastKnownFileType = sourcecode.c.h; path = UserStateManager.h; sourceTree = "<group>"; };
		285AB3731C45B201005609B2 /* UserStateManager.m */ = {isa = PBXFileReference; fileEncoding = 4; lastKnownFileType = sourcecode.c.objc; path = UserStateManager.m; sourceTree = "<group>"; };
		285AB3751C4693C0005609B2 /* TreeNode.h */ = {isa = PBXFileReference; fileEncoding = 4; lastKnownFileType = sourcecode.c.h; path = TreeNode.h; sourceTree = "<group>"; };
		285AB3761C4693C0005609B2 /* TreeNode.m */ = {isa = PBXFileReference; fileEncoding = 4; lastKnownFileType = sourcecode.c.objc; path = TreeNode.m; sourceTree = "<group>"; };
		285AB3781C46941D005609B2 /* Tree.h */ = {isa = PBXFileReference; fileEncoding = 4; lastKnownFileType = sourcecode.c.h; path = Tree.h; sourceTree = "<group>"; };
		285AB3791C46941D005609B2 /* Tree.m */ = {isa = PBXFileReference; fileEncoding = 4; lastKnownFileType = sourcecode.c.objc; path = Tree.m; sourceTree = "<group>"; };
		286F13B21C6289B400D148EB /* arrowRight.png */ = {isa = PBXFileReference; lastKnownFileType = image.png; path = arrowRight.png; sourceTree = "<group>"; };
		286F13B31C6289B400D148EB /* arrowLeft.png */ = {isa = PBXFileReference; lastKnownFileType = image.png; path = arrowLeft.png; sourceTree = "<group>"; };
		2876239C1C41A0880017E74C /* YesNo.app */ = {isa = PBXFileReference; explicitFileType = wrapper.application; includeInIndex = 0; path = YesNo.app; sourceTree = BUILT_PRODUCTS_DIR; };
		287623A01C41A0880017E74C /* main.m */ = {isa = PBXFileReference; lastKnownFileType = sourcecode.c.objc; path = main.m; sourceTree = "<group>"; };
		287623A21C41A0880017E74C /* AppDelegate.h */ = {isa = PBXFileReference; lastKnownFileType = sourcecode.c.h; path = AppDelegate.h; sourceTree = "<group>"; };
		287623A31C41A0880017E74C /* AppDelegate.m */ = {isa = PBXFileReference; lastKnownFileType = sourcecode.c.objc; path = AppDelegate.m; sourceTree = "<group>"; };
		287623A51C41A0880017E74C /* MainMenuViewController.h */ = {isa = PBXFileReference; lastKnownFileType = sourcecode.c.h; path = MainMenuViewController.h; sourceTree = "<group>"; };
		287623A61C41A0880017E74C /* MainMenuViewController.m */ = {isa = PBXFileReference; lastKnownFileType = sourcecode.c.objc; path = MainMenuViewController.m; sourceTree = "<group>"; };
		287623AB1C41A0880017E74C /* Assets.xcassets */ = {isa = PBXFileReference; lastKnownFileType = folder.assetcatalog; path = Assets.xcassets; sourceTree = "<group>"; };
		287623B01C41A0880017E74C /* Info.plist */ = {isa = PBXFileReference; lastKnownFileType = text.plist.xml; path = Info.plist; sourceTree = "<group>"; };
		287623B51C41A0880017E74C /* YesNo.xctest */ = {isa = PBXFileReference; explicitFileType = wrapper.cfbundle; includeInIndex = 0; path = YesNo.xctest; sourceTree = BUILT_PRODUCTS_DIR; };
		287623B91C41A0880017E74C /* YesNoTests.m */ = {isa = PBXFileReference; lastKnownFileType = sourcecode.c.objc; path = YesNoTests.m; sourceTree = "<group>"; };
		287623BB1C41A0880017E74C /* Info.plist */ = {isa = PBXFileReference; lastKnownFileType = text.plist.xml; path = Info.plist; sourceTree = "<group>"; };
		287623C01C41A0880017E74C /* YesNo.xctest */ = {isa = PBXFileReference; explicitFileType = wrapper.cfbundle; includeInIndex = 0; path = YesNo.xctest; sourceTree = BUILT_PRODUCTS_DIR; };
		287623C41C41A0880017E74C /* YesNoUITests.m */ = {isa = PBXFileReference; lastKnownFileType = sourcecode.c.objc; path = YesNoUITests.m; sourceTree = "<group>"; };
		287623C61C41A0880017E74C /* Info.plist */ = {isa = PBXFileReference; lastKnownFileType = text.plist.xml; path = Info.plist; sourceTree = "<group>"; };
		287623D61C427E540017E74C /* AdventureViewController.h */ = {isa = PBXFileReference; fileEncoding = 4; lastKnownFileType = sourcecode.c.h; path = AdventureViewController.h; sourceTree = "<group>"; };
		287623D71C427E540017E74C /* AdventureViewController.m */ = {isa = PBXFileReference; fileEncoding = 4; lastKnownFileType = sourcecode.c.objc; path = AdventureViewController.m; sourceTree = "<group>"; };
		287623D91C42DEFB0017E74C /* StoryCharacter.h */ = {isa = PBXFileReference; fileEncoding = 4; lastKnownFileType = sourcecode.c.h; path = StoryCharacter.h; sourceTree = "<group>"; };
		287623DA1C42DEFB0017E74C /* StoryCharacter.m */ = {isa = PBXFileReference; fileEncoding = 4; lastKnownFileType = sourcecode.c.objc; path = StoryCharacter.m; sourceTree = "<group>"; };
		287623DF1C430DFB0017E74C /* Scene.h */ = {isa = PBXFileReference; fileEncoding = 4; lastKnownFileType = sourcecode.c.h; path = Scene.h; sourceTree = "<group>"; };
		287623E01C430DFB0017E74C /* Scene.m */ = {isa = PBXFileReference; fileEncoding = 4; lastKnownFileType = sourcecode.c.objc; path = Scene.m; sourceTree = "<group>"; };
		289710DB1C503663002219D4 /* Event.h */ = {isa = PBXFileReference; fileEncoding = 4; lastKnownFileType = sourcecode.c.h; path = Event.h; sourceTree = "<group>"; };
		289710DC1C503663002219D4 /* Event.m */ = {isa = PBXFileReference; fileEncoding = 4; lastKnownFileType = sourcecode.c.objc; path = Event.m; sourceTree = "<group>"; };
		289FD8D71C812975008EDC3D /* MainMenuNavDelegate.h */ = {isa = PBXFileReference; fileEncoding = 4; lastKnownFileType = sourcecode.c.h; name = MainMenuNavDelegate.h; path = Protocols/MainMenuNavDelegate.h; sourceTree = "<group>"; };
		28B29C5E1DE77A13001CB3D2 /* intro.xml */ = {isa = PBXFileReference; fileEncoding = 4; lastKnownFileType = text.xml; path = intro.xml; sourceTree = "<group>"; };
		28BB86B11C5416E4007EDF79 /* StoryManager.h */ = {isa = PBXFileReference; fileEncoding = 4; lastKnownFileType = sourcecode.c.h; path = StoryManager.h; sourceTree = "<group>"; };
		28BB86B21C5416E4007EDF79 /* StoryManager.m */ = {isa = PBXFileReference; fileEncoding = 4; lastKnownFileType = sourcecode.c.objc; path = StoryManager.m; sourceTree = "<group>"; };
		28BB86B81C543692007EDF79 /* AdventureView.xib */ = {isa = PBXFileReference; fileEncoding = 4; lastKnownFileType = file.xib; path = AdventureView.xib; sourceTree = "<group>"; };
		28BB86BA1C5436E2007EDF79 /* CharacterSetupView.xib */ = {isa = PBXFileReference; fileEncoding = 4; lastKnownFileType = file.xib; path = CharacterSetupView.xib; sourceTree = "<group>"; };
		28BB86BC1C543713007EDF79 /* MainMenuView.xib */ = {isa = PBXFileReference; fileEncoding = 4; lastKnownFileType = file.xib; path = MainMenuView.xib; sourceTree = "<group>"; };
		28C3B17C1DE0B8F600EDE61F /* DecisionEnum.h */ = {isa = PBXFileReference; fileEncoding = 4; lastKnownFileType = sourcecode.c.h; name = DecisionEnum.h; path = Enums/DecisionEnum.h; sourceTree = "<group>"; };
		28E7F69B1C67CFCC0011C587 /* Icon-40@2x.png */ = {isa = PBXFileReference; lastKnownFileType = image.png; path = "Icon-40@2x.png"; sourceTree = "<group>"; };
		28E7F69D1C67CFCC0011C587 /* Icon-60@2x.png */ = {isa = PBXFileReference; lastKnownFileType = image.png; path = "Icon-60@2x.png"; sourceTree = "<group>"; };
		28E7F69E1C67CFCC0011C587 /* Icon-60@3x.png */ = {isa = PBXFileReference; lastKnownFileType = image.png; path = "Icon-60@3x.png"; sourceTree = "<group>"; };
		28E7F69F1C67CFCC0011C587 /* Icon-Small@2x.png */ = {isa = PBXFileReference; lastKnownFileType = image.png; path = "Icon-Small@2x.png"; sourceTree = "<group>"; };
		28E7F6A61C6909310011C587 /* StoryManagerDelegate.h */ = {isa = PBXFileReference; lastKnownFileType = sourcecode.c.h; name = StoryManagerDelegate.h; path = Protocols/StoryManagerDelegate.h; sourceTree = "<group>"; };
		7400E2F521AC931700575E16 /* YouHelpHim.xml */ = {isa = PBXFileReference; fileEncoding = 4; lastKnownFileType = text.xml; path = YouHelpHim.xml; sourceTree = "<group>"; };
		7400E2F621AC931700575E16 /* YouDontFight.xml */ = {isa = PBXFileReference; fileEncoding = 4; lastKnownFileType = text.xml; path = YouDontFight.xml; sourceTree = "<group>"; };
		7400E2F721AC931700575E16 /* YouFight.xml */ = {isa = PBXFileReference; fileEncoding = 4; lastKnownFileType = text.xml; path = YouFight.xml; sourceTree = "<group>"; };
		7400E2FA21AC931700575E16 /* YouDontSayAnything.xml */ = {isa = PBXFileReference; fileEncoding = 4; lastKnownFileType = text.xml; path = YouDontSayAnything.xml; sourceTree = "<group>"; };
		7400E2FB21AC931700575E16 /* YouSaySomething.xml */ = {isa = PBXFileReference; fileEncoding = 4; lastKnownFileType = text.xml; path = YouSaySomething.xml; sourceTree = "<group>"; };
		7400E2FD21AC931700575E16 /* YouDontHelp.xml */ = {isa = PBXFileReference; fileEncoding = 4; lastKnownFileType = text.xml; path = YouDontHelp.xml; sourceTree = "<group>"; };
		7416E4B021AC990400E94D23 /* watch.app */ = {isa = PBXFileReference; explicitFileType = wrapper.application; includeInIndex = 0; path = watch.app; sourceTree = BUILT_PRODUCTS_DIR; };
		7416E4B321AC990400E94D23 /* Base */ = {isa = PBXFileReference; lastKnownFileType = file.storyboard; name = Base; path = Base.lproj/Interface.storyboard; sourceTree = "<group>"; };
		7416E4B521AC990400E94D23 /* Assets.xcassets */ = {isa = PBXFileReference; lastKnownFileType = folder.assetcatalog; path = Assets.xcassets; sourceTree = "<group>"; };
		7416E4B721AC990400E94D23 /* Info.plist */ = {isa = PBXFileReference; lastKnownFileType = text.plist.xml; path = Info.plist; sourceTree = "<group>"; };
		7416E4BC21AC990500E94D23 /* watch Extension.appex */ = {isa = PBXFileReference; explicitFileType = "wrapper.app-extension"; includeInIndex = 0; path = "watch Extension.appex"; sourceTree = BUILT_PRODUCTS_DIR; };
		7416E4C121AC990500E94D23 /* InterfaceController.swift */ = {isa = PBXFileReference; lastKnownFileType = sourcecode.swift; path = InterfaceController.swift; sourceTree = "<group>"; };
		7416E4C321AC990500E94D23 /* ExtensionDelegate.swift */ = {isa = PBXFileReference; lastKnownFileType = sourcecode.swift; path = ExtensionDelegate.swift; sourceTree = "<group>"; };
		7416E4C521AC990500E94D23 /* Assets.xcassets */ = {isa = PBXFileReference; lastKnownFileType = folder.assetcatalog; path = Assets.xcassets; sourceTree = "<group>"; };
		7416E4C721AC990500E94D23 /* Info.plist */ = {isa = PBXFileReference; lastKnownFileType = text.plist.xml; path = Info.plist; sourceTree = "<group>"; };
		7416E4D421ACA6F800E94D23 /* YesNo-Bridging-Header.h */ = {isa = PBXFileReference; lastKnownFileType = sourcecode.c.h; path = "YesNo-Bridging-Header.h"; sourceTree = "<group>"; };
		7416E4D521ACA6F800E94D23 /* SessionHandler.swift */ = {isa = PBXFileReference; lastKnownFileType = sourcecode.swift; path = SessionHandler.swift; sourceTree = "<group>"; };
/* End PBXFileReference section */

/* Begin PBXFrameworksBuildPhase section */
		287623991C41A0880017E74C /* Frameworks */ = {
			isa = PBXFrameworksBuildPhase;
			buildActionMask = 2147483647;
			files = (
			);
			runOnlyForDeploymentPostprocessing = 0;
		};
		287623B21C41A0880017E74C /* Frameworks */ = {
			isa = PBXFrameworksBuildPhase;
			buildActionMask = 2147483647;
			files = (
			);
			runOnlyForDeploymentPostprocessing = 0;
		};
		287623BD1C41A0880017E74C /* Frameworks */ = {
			isa = PBXFrameworksBuildPhase;
			buildActionMask = 2147483647;
			files = (
			);
			runOnlyForDeploymentPostprocessing = 0;
		};
		7416E4B921AC990500E94D23 /* Frameworks */ = {
			isa = PBXFrameworksBuildPhase;
			buildActionMask = 2147483647;
			files = (
			);
			runOnlyForDeploymentPostprocessing = 0;
		};
/* End PBXFrameworksBuildPhase section */

/* Begin PBXGroup section */
		286F13B61C628A0500D148EB /* Resources */ = {
			isa = PBXGroup;
			children = (
				7400E2F421AC92F100575E16 /* xml */,
				286F13B71C628A1300D148EB /* Images */,
			);
			path = Resources;
			sourceTree = "<group>";
		};
		286F13B71C628A1300D148EB /* Images */ = {
			isa = PBXGroup;
			children = (
				286F13B21C6289B400D148EB /* arrowRight.png */,
				286F13B31C6289B400D148EB /* arrowLeft.png */,
				28E7F69B1C67CFCC0011C587 /* Icon-40@2x.png */,
				28E7F69D1C67CFCC0011C587 /* Icon-60@2x.png */,
				28E7F69E1C67CFCC0011C587 /* Icon-60@3x.png */,
				28E7F69F1C67CFCC0011C587 /* Icon-Small@2x.png */,
			);
			path = Images;
			sourceTree = "<group>";
		};
		287623931C41A0870017E74C = {
			isa = PBXGroup;
			children = (
				2876239E1C41A0880017E74C /* YesNo */,
				287623B81C41A0880017E74C /* YesNoTests */,
				287623C31C41A0880017E74C /* YesNoUITests */,
				7416E4B121AC990400E94D23 /* watch */,
				7416E4C021AC990500E94D23 /* watch Extension */,
				2876239D1C41A0880017E74C /* Products */,
			);
			sourceTree = "<group>";
		};
		2876239D1C41A0880017E74C /* Products */ = {
			isa = PBXGroup;
			children = (
				2876239C1C41A0880017E74C /* YesNo.app */,
				287623B51C41A0880017E74C /* YesNo.xctest */,
				287623C01C41A0880017E74C /* YesNo.xctest */,
				7416E4B021AC990400E94D23 /* watch.app */,
				7416E4BC21AC990500E94D23 /* watch Extension.appex */,
			);
			name = Products;
			sourceTree = "<group>";
		};
		2876239E1C41A0880017E74C /* YesNo */ = {
			isa = PBXGroup;
			children = (
				7416E4D321ACA6E100E94D23 /* Watch */,
				28C3B17B1DE0B8DC00EDE61F /* Enums */,
				28E7F6A51C6908290011C587 /* Protocols */,
				286F13B61C628A0500D148EB /* Resources */,
				28BB86B71C54365A007EDF79 /* Views */,
				28BB86B61C541C69007EDF79 /* Managers */,
				28BB86B51C541C30007EDF79 /* Controllers */,
				28BB86B41C541BF9007EDF79 /* Model */,
				287623A21C41A0880017E74C /* AppDelegate.h */,
				287623A31C41A0880017E74C /* AppDelegate.m */,
				7416E4D421ACA6F800E94D23 /* YesNo-Bridging-Header.h */,
				287623AB1C41A0880017E74C /* Assets.xcassets */,
				287623B01C41A0880017E74C /* Info.plist */,
				2876239F1C41A0880017E74C /* Supporting Files */,
			);
			path = YesNo;
			sourceTree = "<group>";
		};
		2876239F1C41A0880017E74C /* Supporting Files */ = {
			isa = PBXGroup;
			children = (
				287623A01C41A0880017E74C /* main.m */,
			);
			name = "Supporting Files";
			sourceTree = "<group>";
		};
		287623B81C41A0880017E74C /* YesNoTests */ = {
			isa = PBXGroup;
			children = (
				287623B91C41A0880017E74C /* YesNoTests.m */,
				287623BB1C41A0880017E74C /* Info.plist */,
			);
			path = YesNoTests;
			sourceTree = "<group>";
		};
		287623C31C41A0880017E74C /* YesNoUITests */ = {
			isa = PBXGroup;
			children = (
				287623C41C41A0880017E74C /* YesNoUITests.m */,
				287623C61C41A0880017E74C /* Info.plist */,
			);
			path = YesNoUITests;
			sourceTree = "<group>";
		};
		28BB86B41C541BF9007EDF79 /* Model */ = {
			isa = PBXGroup;
			children = (
				289710DB1C503663002219D4 /* Event.h */,
				289710DC1C503663002219D4 /* Event.m */,
				287623DF1C430DFB0017E74C /* Scene.h */,
				287623E01C430DFB0017E74C /* Scene.m */,
				285AB3781C46941D005609B2 /* Tree.h */,
				285AB3791C46941D005609B2 /* Tree.m */,
				285AB3751C4693C0005609B2 /* TreeNode.h */,
				285AB3761C4693C0005609B2 /* TreeNode.m */,
				287623D91C42DEFB0017E74C /* StoryCharacter.h */,
				287623DA1C42DEFB0017E74C /* StoryCharacter.m */,
			);
			path = Model;
			sourceTree = "<group>";
		};
		28BB86B51C541C30007EDF79 /* Controllers */ = {
			isa = PBXGroup;
			children = (
				287623D61C427E540017E74C /* AdventureViewController.h */,
				287623D71C427E540017E74C /* AdventureViewController.m */,
				287623A51C41A0880017E74C /* MainMenuViewController.h */,
				287623A61C41A0880017E74C /* MainMenuViewController.m */,
				2817E48D1C445D2400BF046F /* CharacterSetupViewController.h */,
				2817E48E1C445D2400BF046F /* CharacterSetupViewController.m */,
			);
			path = Controllers;
			sourceTree = "<group>";
		};
		28BB86B61C541C69007EDF79 /* Managers */ = {
			isa = PBXGroup;
			children = (
				28BB86B11C5416E4007EDF79 /* StoryManager.h */,
				28BB86B21C5416E4007EDF79 /* StoryManager.m */,
				285AB3721C45B201005609B2 /* UserStateManager.h */,
				285AB3731C45B201005609B2 /* UserStateManager.m */,
				285A1E891C4B069D0079F4C7 /* SceneParser.h */,
				285A1E8A1C4B069D0079F4C7 /* SceneParser.m */,
			);
			path = Managers;
			sourceTree = "<group>";
		};
		28BB86B71C54365A007EDF79 /* Views */ = {
			isa = PBXGroup;
			children = (
				28BB86B81C543692007EDF79 /* AdventureView.xib */,
				28BB86BA1C5436E2007EDF79 /* CharacterSetupView.xib */,
				28BB86BC1C543713007EDF79 /* MainMenuView.xib */,
			);
			path = Views;
			sourceTree = "<group>";
		};
		28C3B17B1DE0B8DC00EDE61F /* Enums */ = {
			isa = PBXGroup;
			children = (
				28C3B17C1DE0B8F600EDE61F /* DecisionEnum.h */,
			);
			name = Enums;
			sourceTree = "<group>";
		};
		28E7F6A51C6908290011C587 /* Protocols */ = {
			isa = PBXGroup;
			children = (
				28E7F6A61C6909310011C587 /* StoryManagerDelegate.h */,
				289FD8D71C812975008EDC3D /* MainMenuNavDelegate.h */,
			);
			name = Protocols;
			sourceTree = "<group>";
		};
		7400E2F421AC92F100575E16 /* xml */ = {
			isa = PBXGroup;
			children = (
				7400E2F621AC931700575E16 /* YouDontFight.xml */,
				7400E2FD21AC931700575E16 /* YouDontHelp.xml */,
				7400E2FA21AC931700575E16 /* YouDontSayAnything.xml */,
				7400E2F721AC931700575E16 /* YouFight.xml */,
				7400E2F521AC931700575E16 /* YouHelpHim.xml */,
				7400E2FB21AC931700575E16 /* YouSaySomething.xml */,
				28B29C5E1DE77A13001CB3D2 /* intro.xml */,
			);
			path = xml;
			sourceTree = "<group>";
		};
		7416E4B121AC990400E94D23 /* watch */ = {
			isa = PBXGroup;
			children = (
				7416E4B221AC990400E94D23 /* Interface.storyboard */,
				7416E4B521AC990400E94D23 /* Assets.xcassets */,
				7416E4B721AC990400E94D23 /* Info.plist */,
			);
			path = watch;
			sourceTree = "<group>";
		};
		7416E4C021AC990500E94D23 /* watch Extension */ = {
			isa = PBXGroup;
			children = (
				7416E4C121AC990500E94D23 /* InterfaceController.swift */,
				7416E4C321AC990500E94D23 /* ExtensionDelegate.swift */,
				7416E4C521AC990500E94D23 /* Assets.xcassets */,
				7416E4C721AC990500E94D23 /* Info.plist */,
			);
			path = "watch Extension";
			sourceTree = "<group>";
		};
		7416E4D321ACA6E100E94D23 /* Watch */ = {
			isa = PBXGroup;
			children = (
				7416E4D521ACA6F800E94D23 /* SessionHandler.swift */,
			);
			path = Watch;
			sourceTree = "<group>";
		};
/* End PBXGroup section */

/* Begin PBXNativeTarget section */
		2876239B1C41A0880017E74C /* YesNo */ = {
			isa = PBXNativeTarget;
			buildConfigurationList = 287623C91C41A0880017E74C /* Build configuration list for PBXNativeTarget "YesNo" */;
			buildPhases = (
				287623981C41A0880017E74C /* Sources */,
				287623991C41A0880017E74C /* Frameworks */,
				2876239A1C41A0880017E74C /* Resources */,
				7416E4D221AC990500E94D23 /* Embed Watch Content */,
			);
			buildRules = (
			);
			dependencies = (
				7416E4C921AC990500E94D23 /* PBXTargetDependency */,
			);
			name = YesNo;
			productName = appIdea;
			productReference = 2876239C1C41A0880017E74C /* YesNo.app */;
			productType = "com.apple.product-type.application";
		};
		287623B41C41A0880017E74C /* YesNoTests */ = {
			isa = PBXNativeTarget;
			buildConfigurationList = 287623CC1C41A0880017E74C /* Build configuration list for PBXNativeTarget "YesNoTests" */;
			buildPhases = (
				287623B11C41A0880017E74C /* Sources */,
				287623B21C41A0880017E74C /* Frameworks */,
				287623B31C41A0880017E74C /* Resources */,
			);
			buildRules = (
			);
			dependencies = (
				287623B71C41A0880017E74C /* PBXTargetDependency */,
			);
			name = YesNoTests;
			productName = appIdeaTests;
			productReference = 287623B51C41A0880017E74C /* YesNo.xctest */;
			productType = "com.apple.product-type.bundle.unit-test";
		};
		287623BF1C41A0880017E74C /* YesNoUITests */ = {
			isa = PBXNativeTarget;
			buildConfigurationList = 287623CF1C41A0880017E74C /* Build configuration list for PBXNativeTarget "YesNoUITests" */;
			buildPhases = (
				287623BC1C41A0880017E74C /* Sources */,
				287623BD1C41A0880017E74C /* Frameworks */,
				287623BE1C41A0880017E74C /* Resources */,
			);
			buildRules = (
			);
			dependencies = (
				287623C21C41A0880017E74C /* PBXTargetDependency */,
			);
			name = YesNoUITests;
			productName = appIdeaUITests;
			productReference = 287623C01C41A0880017E74C /* YesNo.xctest */;
			productType = "com.apple.product-type.bundle.ui-testing";
		};
		7416E4AF21AC990400E94D23 /* watch */ = {
			isa = PBXNativeTarget;
			buildConfigurationList = 7416E4CF21AC990500E94D23 /* Build configuration list for PBXNativeTarget "watch" */;
			buildPhases = (
				7416E4AE21AC990400E94D23 /* Resources */,
				7416E4CE21AC990500E94D23 /* Embed App Extensions */,
			);
			buildRules = (
			);
			dependencies = (
				7416E4BF21AC990500E94D23 /* PBXTargetDependency */,
			);
			name = watch;
			productName = watch;
			productReference = 7416E4B021AC990400E94D23 /* watch.app */;
			productType = "com.apple.product-type.application.watchapp2";
		};
		7416E4BB21AC990500E94D23 /* watch Extension */ = {
			isa = PBXNativeTarget;
			buildConfigurationList = 7416E4CB21AC990500E94D23 /* Build configuration list for PBXNativeTarget "watch Extension" */;
			buildPhases = (
				7416E4B821AC990500E94D23 /* Sources */,
				7416E4B921AC990500E94D23 /* Frameworks */,
				7416E4BA21AC990500E94D23 /* Resources */,
			);
			buildRules = (
			);
			dependencies = (
			);
			name = "watch Extension";
			productName = "watch Extension";
			productReference = 7416E4BC21AC990500E94D23 /* watch Extension.appex */;
			productType = "com.apple.product-type.watchkit2-extension";
		};
/* End PBXNativeTarget section */

/* Begin PBXProject section */
		287623941C41A0870017E74C /* Project object */ = {
			isa = PBXProject;
			attributes = {
				LastSwiftUpdateCheck = 0920;
				LastUpgradeCheck = 0920;
				ORGANIZATIONNAME = "Matt Rooney";
				TargetAttributes = {
					2876239B1C41A0880017E74C = {
						CreatedOnToolsVersion = 7.1.1;
						DevelopmentTeam = 7H3JB6GXN5;
						LastSwiftMigration = 0920;
						ProvisioningStyle = Manual;
					};
					287623B41C41A0880017E74C = {
						CreatedOnToolsVersion = 7.1.1;
						ProvisioningStyle = Automatic;
						TestTargetID = 2876239B1C41A0880017E74C;
					};
					287623BF1C41A0880017E74C = {
						CreatedOnToolsVersion = 7.1.1;
						DevelopmentTeam = 7H3JB6GXN5;
						ProvisioningStyle = Automatic;
						TestTargetID = 2876239B1C41A0880017E74C;
					};
					7416E4AF21AC990400E94D23 = {
						CreatedOnToolsVersion = 9.2;
						DevelopmentTeam = 7H3JB6GXN5;
						ProvisioningStyle = Manual;
					};
					7416E4BB21AC990500E94D23 = {
						CreatedOnToolsVersion = 9.2;
						DevelopmentTeam = 7H3JB6GXN5;
						ProvisioningStyle = Manual;
					};
				};
			};
			buildConfigurationList = 287623971C41A0870017E74C /* Build configuration list for PBXProject "YesNo" */;
			compatibilityVersion = "Xcode 3.2";
			developmentRegion = English;
			hasScannedForEncodings = 0;
			knownRegions = (
				en,
				Base,
			);
			mainGroup = 287623931C41A0870017E74C;
			productRefGroup = 2876239D1C41A0880017E74C /* Products */;
			projectDirPath = "";
			projectRoot = "";
			targets = (
				2876239B1C41A0880017E74C /* YesNo */,
				287623B41C41A0880017E74C /* YesNoTests */,
				287623BF1C41A0880017E74C /* YesNoUITests */,
				7416E4AF21AC990400E94D23 /* watch */,
				7416E4BB21AC990500E94D23 /* watch Extension */,
			);
		};
/* End PBXProject section */

/* Begin PBXResourcesBuildPhase section */
		2876239A1C41A0880017E74C /* Resources */ = {
			isa = PBXResourcesBuildPhase;
			buildActionMask = 2147483647;
			files = (
				287623AC1C41A0880017E74C /* Assets.xcassets in Resources */,
				28E7F6A41C67CFCC0011C587 /* Icon-Small@2x.png in Resources */,
				7400E30521AC931700575E16 /* YouSaySomething.xml in Resources */,
				28BB86BB1C5436E2007EDF79 /* CharacterSetupView.xib in Resources */,
				28E7F6A31C67CFCC0011C587 /* Icon-60@3x.png in Resources */,
				28BB86BD1C543713007EDF79 /* MainMenuView.xib in Resources */,
				286F13B51C6289B400D148EB /* arrowLeft.png in Resources */,
				286F13B41C6289B400D148EB /* arrowRight.png in Resources */,
				28E7F6A21C67CFCC0011C587 /* Icon-60@2x.png in Resources */,
				28E7F6A01C67CFCC0011C587 /* Icon-40@2x.png in Resources */,
				7400E30721AC931700575E16 /* YouDontHelp.xml in Resources */,
				7400E30421AC931700575E16 /* YouDontSayAnything.xml in Resources */,
				7400E30021AC931700575E16 /* YouDontFight.xml in Resources */,
				7400E30121AC931700575E16 /* YouFight.xml in Resources */,
				28B29C5F1DE77A13001CB3D2 /* intro.xml in Resources */,
				28BB86B91C543692007EDF79 /* AdventureView.xib in Resources */,
				7400E2FF21AC931700575E16 /* YouHelpHim.xml in Resources */,
			);
			runOnlyForDeploymentPostprocessing = 0;
		};
		287623B31C41A0880017E74C /* Resources */ = {
			isa = PBXResourcesBuildPhase;
			buildActionMask = 2147483647;
			files = (
			);
			runOnlyForDeploymentPostprocessing = 0;
		};
		287623BE1C41A0880017E74C /* Resources */ = {
			isa = PBXResourcesBuildPhase;
			buildActionMask = 2147483647;
			files = (
			);
			runOnlyForDeploymentPostprocessing = 0;
		};
		7416E4AE21AC990400E94D23 /* Resources */ = {
			isa = PBXResourcesBuildPhase;
			buildActionMask = 2147483647;
			files = (
				7416E4B621AC990400E94D23 /* Assets.xcassets in Resources */,
				7416E4B421AC990400E94D23 /* Interface.storyboard in Resources */,
			);
			runOnlyForDeploymentPostprocessing = 0;
		};
		7416E4BA21AC990500E94D23 /* Resources */ = {
			isa = PBXResourcesBuildPhase;
			buildActionMask = 2147483647;
			files = (
				7416E4C621AC990500E94D23 /* Assets.xcassets in Resources */,
				744130D621ADF37800C4A85C /* YouDontHelp.xml in Resources */,
				744130DA21ADF37800C4A85C /* YouSaySomething.xml in Resources */,
				744130D821ADF37800C4A85C /* YouFight.xml in Resources */,
				744130DB21ADF37800C4A85C /* intro.xml in Resources */,
				744130D921ADF37800C4A85C /* YouHelpHim.xml in Resources */,
				744130D721ADF37800C4A85C /* YouDontSayAnything.xml in Resources */,
				744130D521ADF37800C4A85C /* YouDontFight.xml in Resources */,
			);
			runOnlyForDeploymentPostprocessing = 0;
		};
/* End PBXResourcesBuildPhase section */

/* Begin PBXSourcesBuildPhase section */
		287623981C41A0880017E74C /* Sources */ = {
			isa = PBXSourcesBuildPhase;
			buildActionMask = 2147483647;
			files = (
				287623A71C41A0880017E74C /* MainMenuViewController.m in Sources */,
				287623DB1C42DEFB0017E74C /* StoryCharacter.m in Sources */,
				287623D81C427E540017E74C /* AdventureViewController.m in Sources */,
				28BB86B31C5416E4007EDF79 /* StoryManager.m in Sources */,
				285AB3771C4693C0005609B2 /* TreeNode.m in Sources */,
				289710DD1C503663002219D4 /* Event.m in Sources */,
				287623A41C41A0880017E74C /* AppDelegate.m in Sources */,
				287623E11C430DFB0017E74C /* Scene.m in Sources */,
				2817E48F1C445D2400BF046F /* CharacterSetupViewController.m in Sources */,
				7416E4D621ACA6F800E94D23 /* SessionHandler.swift in Sources */,
				285AB37A1C46941D005609B2 /* Tree.m in Sources */,
				285AB3741C45B201005609B2 /* UserStateManager.m in Sources */,
				287623A11C41A0880017E74C /* main.m in Sources */,
				285A1E8B1C4B069D0079F4C7 /* SceneParser.m in Sources */,
			);
			runOnlyForDeploymentPostprocessing = 0;
		};
		287623B11C41A0880017E74C /* Sources */ = {
			isa = PBXSourcesBuildPhase;
			buildActionMask = 2147483647;
			files = (
				287623BA1C41A0880017E74C /* YesNoTests.m in Sources */,
			);
			runOnlyForDeploymentPostprocessing = 0;
		};
		287623BC1C41A0880017E74C /* Sources */ = {
			isa = PBXSourcesBuildPhase;
			buildActionMask = 2147483647;
			files = (
				287623C51C41A0880017E74C /* YesNoUITests.m in Sources */,
			);
			runOnlyForDeploymentPostprocessing = 0;
		};
		7416E4B821AC990500E94D23 /* Sources */ = {
			isa = PBXSourcesBuildPhase;
			buildActionMask = 2147483647;
			files = (
				744130E521ADF70B00C4A85C /* YesNo-Bridging-Header.h in Sources */,
				744130DF21ADF38800C4A85C /* TreeNode.m in Sources */,
				744130DC21ADF38800C4A85C /* Event.m in Sources */,
				7416E4C421AC990500E94D23 /* ExtensionDelegate.swift in Sources */,
				7416E4C221AC990500E94D23 /* InterfaceController.swift in Sources */,
				744130DE21ADF38800C4A85C /* Tree.m in Sources */,
				744130E021ADF39800C4A85C /* StoryManager.m in Sources */,
				744130D421ADF32E00C4A85C /* StoryCharacter.m in Sources */,
				744130E221ADF39800C4A85C /* SceneParser.m in Sources */,
				744130E121ADF39800C4A85C /* UserStateManager.m in Sources */,
				744130DD21ADF38800C4A85C /* Scene.m in Sources */,
			);
			runOnlyForDeploymentPostprocessing = 0;
		};
/* End PBXSourcesBuildPhase section */

/* Begin PBXTargetDependency section */
		287623B71C41A0880017E74C /* PBXTargetDependency */ = {
			isa = PBXTargetDependency;
			target = 2876239B1C41A0880017E74C /* YesNo */;
			targetProxy = 287623B61C41A0880017E74C /* PBXContainerItemProxy */;
		};
		287623C21C41A0880017E74C /* PBXTargetDependency */ = {
			isa = PBXTargetDependency;
			target = 2876239B1C41A0880017E74C /* YesNo */;
			targetProxy = 287623C11C41A0880017E74C /* PBXContainerItemProxy */;
		};
		7416E4BF21AC990500E94D23 /* PBXTargetDependency */ = {
			isa = PBXTargetDependency;
			target = 7416E4BB21AC990500E94D23 /* watch Extension */;
			targetProxy = 7416E4BE21AC990500E94D23 /* PBXContainerItemProxy */;
		};
		7416E4C921AC990500E94D23 /* PBXTargetDependency */ = {
			isa = PBXTargetDependency;
			target = 7416E4AF21AC990400E94D23 /* watch */;
			targetProxy = 7416E4C821AC990500E94D23 /* PBXContainerItemProxy */;
		};
/* End PBXTargetDependency section */

/* Begin PBXVariantGroup section */
		7416E4B221AC990400E94D23 /* Interface.storyboard */ = {
			isa = PBXVariantGroup;
			children = (
				7416E4B321AC990400E94D23 /* Base */,
			);
			name = Interface.storyboard;
			sourceTree = "<group>";
		};
/* End PBXVariantGroup section */

/* Begin XCBuildConfiguration section */
		287623C71C41A0880017E74C /* Debug */ = {
			isa = XCBuildConfiguration;
			buildSettings = {
				ALWAYS_SEARCH_USER_PATHS = NO;
				CLANG_CXX_LANGUAGE_STANDARD = "gnu++0x";
				CLANG_CXX_LIBRARY = "libc++";
				CLANG_ENABLE_MODULES = YES;
				CLANG_ENABLE_OBJC_ARC = YES;
				CLANG_WARN_BLOCK_CAPTURE_AUTORELEASING = YES;
				CLANG_WARN_BOOL_CONVERSION = YES;
				CLANG_WARN_COMMA = YES;
				CLANG_WARN_CONSTANT_CONVERSION = YES;
				CLANG_WARN_DIRECT_OBJC_ISA_USAGE = YES_ERROR;
				CLANG_WARN_EMPTY_BODY = YES;
				CLANG_WARN_ENUM_CONVERSION = YES;
				CLANG_WARN_INFINITE_RECURSION = YES;
				CLANG_WARN_INT_CONVERSION = YES;
				CLANG_WARN_NON_LITERAL_NULL_CONVERSION = YES;
				CLANG_WARN_OBJC_LITERAL_CONVERSION = YES;
				CLANG_WARN_OBJC_ROOT_CLASS = YES_ERROR;
				CLANG_WARN_RANGE_LOOP_ANALYSIS = YES;
				CLANG_WARN_STRICT_PROTOTYPES = YES;
				CLANG_WARN_SUSPICIOUS_MOVE = YES;
				CLANG_WARN_UNREACHABLE_CODE = YES;
				CLANG_WARN__DUPLICATE_METHOD_MATCH = YES;
				"CODE_SIGN_IDENTITY[sdk=iphoneos*]" = "iPhone Developer: matthew rooney (8HCZ6Q9YP4)";
				COPY_PHASE_STRIP = NO;
				DEBUG_INFORMATION_FORMAT = dwarf;
				DEFINES_MODULE = YES;
				ENABLE_STRICT_OBJC_MSGSEND = YES;
				ENABLE_TESTABILITY = YES;
				GCC_C_LANGUAGE_STANDARD = gnu99;
				GCC_DYNAMIC_NO_PIC = NO;
				GCC_NO_COMMON_BLOCKS = YES;
				GCC_OPTIMIZATION_LEVEL = 0;
				GCC_PREPROCESSOR_DEFINITIONS = (
					"DEBUG=1",
					"$(inherited)",
				);
				GCC_WARN_64_TO_32_BIT_CONVERSION = YES;
				GCC_WARN_ABOUT_RETURN_TYPE = YES_ERROR;
				GCC_WARN_UNDECLARED_SELECTOR = YES;
				GCC_WARN_UNINITIALIZED_AUTOS = YES_AGGRESSIVE;
				GCC_WARN_UNUSED_FUNCTION = YES;
				GCC_WARN_UNUSED_VARIABLE = YES;
				IPHONEOS_DEPLOYMENT_TARGET = 10.1;
				MTL_ENABLE_DEBUG_INFO = YES;
				ONLY_ACTIVE_ARCH = YES;
				SDKROOT = iphoneos;
				SWIFT_VERSION = 4.0;
			};
			name = Debug;
		};
		287623C81C41A0880017E74C /* Release */ = {
			isa = XCBuildConfiguration;
			buildSettings = {
				ALWAYS_SEARCH_USER_PATHS = NO;
				CLANG_CXX_LANGUAGE_STANDARD = "gnu++0x";
				CLANG_CXX_LIBRARY = "libc++";
				CLANG_ENABLE_MODULES = YES;
				CLANG_ENABLE_OBJC_ARC = YES;
				CLANG_WARN_BLOCK_CAPTURE_AUTORELEASING = YES;
				CLANG_WARN_BOOL_CONVERSION = YES;
				CLANG_WARN_COMMA = YES;
				CLANG_WARN_CONSTANT_CONVERSION = YES;
				CLANG_WARN_DIRECT_OBJC_ISA_USAGE = YES_ERROR;
				CLANG_WARN_EMPTY_BODY = YES;
				CLANG_WARN_ENUM_CONVERSION = YES;
				CLANG_WARN_INFINITE_RECURSION = YES;
				CLANG_WARN_INT_CONVERSION = YES;
				CLANG_WARN_NON_LITERAL_NULL_CONVERSION = YES;
				CLANG_WARN_OBJC_LITERAL_CONVERSION = YES;
				CLANG_WARN_OBJC_ROOT_CLASS = YES_ERROR;
				CLANG_WARN_RANGE_LOOP_ANALYSIS = YES;
				CLANG_WARN_STRICT_PROTOTYPES = YES;
				CLANG_WARN_SUSPICIOUS_MOVE = YES;
				CLANG_WARN_UNREACHABLE_CODE = YES;
				CLANG_WARN__DUPLICATE_METHOD_MATCH = YES;
				"CODE_SIGN_IDENTITY[sdk=iphoneos*]" = "iPhone Developer: matthew rooney (8HCZ6Q9YP4)";
				COPY_PHASE_STRIP = NO;
				DEBUG_INFORMATION_FORMAT = "dwarf-with-dsym";
				DEFINES_MODULE = YES;
				ENABLE_NS_ASSERTIONS = NO;
				ENABLE_STRICT_OBJC_MSGSEND = YES;
				GCC_C_LANGUAGE_STANDARD = gnu99;
				GCC_NO_COMMON_BLOCKS = YES;
				GCC_WARN_64_TO_32_BIT_CONVERSION = YES;
				GCC_WARN_ABOUT_RETURN_TYPE = YES_ERROR;
				GCC_WARN_UNDECLARED_SELECTOR = YES;
				GCC_WARN_UNINITIALIZED_AUTOS = YES_AGGRESSIVE;
				GCC_WARN_UNUSED_FUNCTION = YES;
				GCC_WARN_UNUSED_VARIABLE = YES;
				IPHONEOS_DEPLOYMENT_TARGET = 10.1;
				MTL_ENABLE_DEBUG_INFO = NO;
				SDKROOT = iphoneos;
				SWIFT_VERSION = 4.0;
				VALIDATE_PRODUCT = YES;
			};
			name = Release;
		};
		287623CA1C41A0880017E74C /* Debug */ = {
			isa = XCBuildConfiguration;
			buildSettings = {
				ASSETCATALOG_COMPILER_APPICON_NAME = AppIcon;
				CLANG_ENABLE_MODULES = YES;
				CODE_SIGN_IDENTITY = "iPhone Distribution";
				"CODE_SIGN_IDENTITY[sdk=iphoneos*]" = "iPhone Developer";
				CODE_SIGN_STYLE = Manual;
				DEVELOPMENT_TEAM = 7H3JB6GXN5;
				INFOPLIST_FILE = YesNo/Info.plist;
				IPHONEOS_DEPLOYMENT_TARGET = 10.0;
				LD_RUNPATH_SEARCH_PATHS = "$(inherited) @executable_path/Frameworks";
				PRODUCT_BUNDLE_IDENTIFIER = com.mroodev.YesNo;
				PRODUCT_NAME = YesNo;
				PROVISIONING_PROFILE_SPECIFIER = mroodev_development;
				SWIFT_OBJC_BRIDGING_HEADER = "YesNo/YesNo-Bridging-Header.h";
				SWIFT_OPTIMIZATION_LEVEL = "-Onone";
				SWIFT_VERSION = 3.0;
			};
			name = Debug;
		};
		287623CB1C41A0880017E74C /* Release */ = {
			isa = XCBuildConfiguration;
			buildSettings = {
				ASSETCATALOG_COMPILER_APPICON_NAME = AppIcon;
				CLANG_ENABLE_MODULES = YES;
				CODE_SIGN_IDENTITY = "iPhone Distribution";
				"CODE_SIGN_IDENTITY[sdk=iphoneos*]" = "iPhone Developer";
				CODE_SIGN_STYLE = Manual;
				DEVELOPMENT_TEAM = 7H3JB6GXN5;
				INFOPLIST_FILE = YesNo/Info.plist;
				IPHONEOS_DEPLOYMENT_TARGET = 10.0;
				LD_RUNPATH_SEARCH_PATHS = "$(inherited) @executable_path/Frameworks";
				PRODUCT_BUNDLE_IDENTIFIER = com.mroodev.YesNo;
				PRODUCT_NAME = YesNo;
				PROVISIONING_PROFILE_SPECIFIER = mroodev;
				SWIFT_OBJC_BRIDGING_HEADER = "YesNo/YesNo-Bridging-Header.h";
				SWIFT_VERSION = 3.0;
			};
			name = Release;
		};
		287623CD1C41A0880017E74C /* Debug */ = {
			isa = XCBuildConfiguration;
			buildSettings = {
				ALWAYS_EMBED_SWIFT_STANDARD_LIBRARIES = YES;
				BUNDLE_LOADER = "$(TEST_HOST)";
				CODE_SIGN_IDENTITY = "iPhone Developer";
				CODE_SIGN_STYLE = Automatic;
				DEVELOPMENT_TEAM = "";
				INFOPLIST_FILE = YesNoTests/Info.plist;
				LD_RUNPATH_SEARCH_PATHS = "$(inherited) @executable_path/Frameworks @loader_path/Frameworks";
				PRODUCT_BUNDLE_IDENTIFIER = com.matthew.YesNoTests;
				PRODUCT_NAME = YesNo;
				PROVISIONING_PROFILE_SPECIFIER = "";
				TEST_HOST = "$(BUILT_PRODUCTS_DIR)/YesNo.app/YesNo";
			};
			name = Debug;
		};
		287623CE1C41A0880017E74C /* Release */ = {
			isa = XCBuildConfiguration;
			buildSettings = {
				ALWAYS_EMBED_SWIFT_STANDARD_LIBRARIES = YES;
				BUNDLE_LOADER = "$(TEST_HOST)";
				CODE_SIGN_IDENTITY = "iPhone Developer";
				CODE_SIGN_STYLE = Automatic;
				DEVELOPMENT_TEAM = "";
				INFOPLIST_FILE = YesNoTests/Info.plist;
				LD_RUNPATH_SEARCH_PATHS = "$(inherited) @executable_path/Frameworks @loader_path/Frameworks";
				PRODUCT_BUNDLE_IDENTIFIER = com.matthew.YesNoTests;
				PRODUCT_NAME = YesNo;
				PROVISIONING_PROFILE_SPECIFIER = "";
				TEST_HOST = "$(BUILT_PRODUCTS_DIR)/YesNo.app/YesNo";
			};
			name = Release;
		};
		287623D01C41A0880017E74C /* Debug */ = {
			isa = XCBuildConfiguration;
			buildSettings = {
				ALWAYS_EMBED_SWIFT_STANDARD_LIBRARIES = YES;
				"CODE_SIGN_IDENTITY[sdk=iphoneos*]" = "iPhone Developer";
				DEVELOPMENT_TEAM = 7H3JB6GXN5;
				INFOPLIST_FILE = YesNoUITests/Info.plist;
				LD_RUNPATH_SEARCH_PATHS = "$(inherited) @executable_path/Frameworks @loader_path/Frameworks";
				PRODUCT_BUNDLE_IDENTIFIER = com.matthew.YesNoUITests;
				PRODUCT_NAME = YesNo;
				TEST_TARGET_NAME = YesNo;
				USES_XCTRUNNER = YES;
			};
			name = Debug;
		};
		287623D11C41A0880017E74C /* Release */ = {
			isa = XCBuildConfiguration;
			buildSettings = {
				ALWAYS_EMBED_SWIFT_STANDARD_LIBRARIES = YES;
				"CODE_SIGN_IDENTITY[sdk=iphoneos*]" = "iPhone Developer";
				DEVELOPMENT_TEAM = 7H3JB6GXN5;
				INFOPLIST_FILE = YesNoUITests/Info.plist;
				LD_RUNPATH_SEARCH_PATHS = "$(inherited) @executable_path/Frameworks @loader_path/Frameworks";
				PRODUCT_BUNDLE_IDENTIFIER = com.matthew.YesNoUITests;
				PRODUCT_NAME = YesNo;
				TEST_TARGET_NAME = YesNo;
				USES_XCTRUNNER = YES;
			};
			name = Release;
		};
		7416E4CC21AC990500E94D23 /* Debug */ = {
			isa = XCBuildConfiguration;
			buildSettings = {
				ASSETCATALOG_COMPILER_COMPLICATION_NAME = Complication;
				CLANG_ANALYZER_NONNULL = YES;
				CLANG_ANALYZER_NUMBER_OBJECT_CONVERSION = YES_AGGRESSIVE;
				CLANG_CXX_LANGUAGE_STANDARD = "gnu++14";
				CLANG_WARN_DOCUMENTATION_COMMENTS = YES;
				CLANG_WARN_UNGUARDED_AVAILABILITY = YES_AGGRESSIVE;
				CODE_SIGN_STYLE = Manual;
				DEVELOPMENT_TEAM = 7H3JB6GXN5;
				GCC_C_LANGUAGE_STANDARD = gnu11;
				INFOPLIST_FILE = "watch Extension/Info.plist";
				LD_RUNPATH_SEARCH_PATHS = "$(inherited) @executable_path/Frameworks @executable_path/../../Frameworks";
				PRODUCT_BUNDLE_IDENTIFIER = com.mroodev.YesNo.watchkitapp.watchkitextension;
				PRODUCT_NAME = "${TARGET_NAME}";
				PROVISIONING_PROFILE_SPECIFIER = mroodev_development;
				SDKROOT = watchos;
				SKIP_INSTALL = YES;
				SWIFT_ACTIVE_COMPILATION_CONDITIONS = DEBUG;
				SWIFT_OBJC_BRIDGING_HEADER = "YesNo/YesNo-Bridging-Header.h";
				SWIFT_OPTIMIZATION_LEVEL = "-Onone";
				SWIFT_VERSION = 4.0;
				TARGETED_DEVICE_FAMILY = 4;
				WATCHOS_DEPLOYMENT_TARGET = 4.2;
			};
			name = Debug;
		};
		7416E4CD21AC990500E94D23 /* Release */ = {
			isa = XCBuildConfiguration;
			buildSettings = {
				ASSETCATALOG_COMPILER_COMPLICATION_NAME = Complication;
				CLANG_ANALYZER_NONNULL = YES;
				CLANG_ANALYZER_NUMBER_OBJECT_CONVERSION = YES_AGGRESSIVE;
				CLANG_CXX_LANGUAGE_STANDARD = "gnu++14";
				CLANG_WARN_DOCUMENTATION_COMMENTS = YES;
				CLANG_WARN_UNGUARDED_AVAILABILITY = YES_AGGRESSIVE;
				CODE_SIGN_STYLE = Manual;
				DEVELOPMENT_TEAM = "";
				GCC_C_LANGUAGE_STANDARD = gnu11;
				INFOPLIST_FILE = "watch Extension/Info.plist";
				LD_RUNPATH_SEARCH_PATHS = "$(inherited) @executable_path/Frameworks @executable_path/../../Frameworks";
				PRODUCT_BUNDLE_IDENTIFIER = com.mroodev.YesNo.watchkitapp.watchkitextension;
				PRODUCT_NAME = "${TARGET_NAME}";
				PROVISIONING_PROFILE_SPECIFIER = "";
				SDKROOT = watchos;
				SKIP_INSTALL = YES;
				SWIFT_OBJC_BRIDGING_HEADER = "YesNo/YesNo-Bridging-Header.h";
				SWIFT_OPTIMIZATION_LEVEL = "-Owholemodule";
				SWIFT_VERSION = 4.0;
				TARGETED_DEVICE_FAMILY = 4;
				WATCHOS_DEPLOYMENT_TARGET = 4.2;
			};
			name = Release;
		};
		7416E4D021AC990500E94D23 /* Debug */ = {
			isa = XCBuildConfiguration;
			buildSettings = {
				ALWAYS_EMBED_SWIFT_STANDARD_LIBRARIES = YES;
				ASSETCATALOG_COMPILER_APPICON_NAME = AppIcon;
				CLANG_ANALYZER_NONNULL = YES;
				CLANG_ANALYZER_NUMBER_OBJECT_CONVERSION = YES_AGGRESSIVE;
				CLANG_CXX_LANGUAGE_STANDARD = "gnu++14";
				CLANG_WARN_DOCUMENTATION_COMMENTS = YES;
				CLANG_WARN_UNGUARDED_AVAILABILITY = YES_AGGRESSIVE;
				CODE_SIGN_IDENTITY = "iPhone Developer";
				"CODE_SIGN_IDENTITY[sdk=iphoneos*]" = "iPhone Developer";
				CODE_SIGN_STYLE = Manual;
				DEVELOPMENT_TEAM = 7H3JB6GXN5;
				GCC_C_LANGUAGE_STANDARD = gnu11;
				IBSC_MODULE = watch_Extension;
				INFOPLIST_FILE = watch/Info.plist;
				PRODUCT_BUNDLE_IDENTIFIER = com.mroodev.YesNo.watchkitapp;
				PRODUCT_NAME = "$(TARGET_NAME)";
				PROVISIONING_PROFILE = "88c6e147-d0b9-49b5-939d-6a6b28e74689";
				PROVISIONING_PROFILE_SPECIFIER = mroodev_development;
				SDKROOT = watchos;
				SKIP_INSTALL = YES;
				SWIFT_ACTIVE_COMPILATION_CONDITIONS = DEBUG;
				SWIFT_OPTIMIZATION_LEVEL = "-Onone";
				SWIFT_VERSION = 4.0;
				TARGETED_DEVICE_FAMILY = 4;
				WATCHOS_DEPLOYMENT_TARGET = 4.2;
			};
			name = Debug;
		};
		7416E4D121AC990500E94D23 /* Release */ = {
			isa = XCBuildConfiguration;
			buildSettings = {
				ALWAYS_EMBED_SWIFT_STANDARD_LIBRARIES = YES;
				ASSETCATALOG_COMPILER_APPICON_NAME = AppIcon;
				CLANG_ANALYZER_NONNULL = YES;
				CLANG_ANALYZER_NUMBER_OBJECT_CONVERSION = YES_AGGRESSIVE;
				CLANG_CXX_LANGUAGE_STANDARD = "gnu++14";
				CLANG_WARN_DOCUMENTATION_COMMENTS = YES;
				CLANG_WARN_UNGUARDED_AVAILABILITY = YES_AGGRESSIVE;
				CODE_SIGN_IDENTITY = "iPhone Developer";
				"CODE_SIGN_IDENTITY[sdk=iphoneos*]" = "iPhone Developer";
				CODE_SIGN_STYLE = Manual;
				DEVELOPMENT_TEAM = "";
				GCC_C_LANGUAGE_STANDARD = gnu11;
				IBSC_MODULE = watch_Extension;
				INFOPLIST_FILE = watch/Info.plist;
				PRODUCT_BUNDLE_IDENTIFIER = com.mroodev.YesNo.watchkitapp;
				PRODUCT_NAME = "$(TARGET_NAME)";
				PROVISIONING_PROFILE_SPECIFIER = "";
				SDKROOT = watchos;
				SKIP_INSTALL = YES;
				SWIFT_OPTIMIZATION_LEVEL = "-Owholemodule";
				SWIFT_VERSION = 4.0;
				TARGETED_DEVICE_FAMILY = 4;
				WATCHOS_DEPLOYMENT_TARGET = 4.2;
			};
			name = Release;
		};
/* End XCBuildConfiguration section */

/* Begin XCConfigurationList section */
		287623971C41A0870017E74C /* Build configuration list for PBXProject "YesNo" */ = {
			isa = XCConfigurationList;
			buildConfigurations = (
				287623C71C41A0880017E74C /* Debug */,
				287623C81C41A0880017E74C /* Release */,
			);
			defaultConfigurationIsVisible = 0;
			defaultConfigurationName = Release;
		};
		287623C91C41A0880017E74C /* Build configuration list for PBXNativeTarget "YesNo" */ = {
			isa = XCConfigurationList;
			buildConfigurations = (
				287623CA1C41A0880017E74C /* Debug */,
				287623CB1C41A0880017E74C /* Release */,
			);
			defaultConfigurationIsVisible = 0;
			defaultConfigurationName = Release;
		};
		287623CC1C41A0880017E74C /* Build configuration list for PBXNativeTarget "YesNoTests" */ = {
			isa = XCConfigurationList;
			buildConfigurations = (
				287623CD1C41A0880017E74C /* Debug */,
				287623CE1C41A0880017E74C /* Release */,
			);
			defaultConfigurationIsVisible = 0;
			defaultConfigurationName = Release;
		};
		287623CF1C41A0880017E74C /* Build configuration list for PBXNativeTarget "YesNoUITests" */ = {
			isa = XCConfigurationList;
			buildConfigurations = (
				287623D01C41A0880017E74C /* Debug */,
				287623D11C41A0880017E74C /* Release */,
			);
			defaultConfigurationIsVisible = 0;
			defaultConfigurationName = Release;
		};
		7416E4CB21AC990500E94D23 /* Build configuration list for PBXNativeTarget "watch Extension" */ = {
			isa = XCConfigurationList;
			buildConfigurations = (
				7416E4CC21AC990500E94D23 /* Debug */,
				7416E4CD21AC990500E94D23 /* Release */,
			);
			defaultConfigurationIsVisible = 0;
			defaultConfigurationName = Release;
		};
		7416E4CF21AC990500E94D23 /* Build configuration list for PBXNativeTarget "watch" */ = {
			isa = XCConfigurationList;
			buildConfigurations = (
				7416E4D021AC990500E94D23 /* Debug */,
				7416E4D121AC990500E94D23 /* Release */,
			);
			defaultConfigurationIsVisible = 0;
			defaultConfigurationName = Release;
		};
/* End XCConfigurationList section */
	};
	rootObject = 287623941C41A0870017E74C /* Project object */;
}
